PODS:
  - Nuke (9.0.0)
  - SnapKit (5.0.1)

DEPENDENCIES:
  - Nuke
  - SnapKit

SPEC REPOS:
  trunk:
    - Nuke
    - SnapKit

SPEC CHECKSUMS:
  Nuke: 4390bfb0fcde6aecf314f854439d03914ee7c604
  SnapKit: 97b92857e3df3a0c71833cce143274bf6ef8e5eb

PODFILE CHECKSUM: 44969bb903d42135fed5630977fc0439b31d7303

COCOAPODS: 1.11.2
